{
  "name": "azFunctionsTest2",
  "requires": true,
  "lockfileVersion": 1,
  "dependencies": {
    "filesource": {
      "version": "1.0.7",
      "resolved": "https://registry.npmjs.org/filesource/-/filesource-1.0.7.tgz",
      "integrity": "sha1-JdQeO1Ss5Pjnm0BRgQGqktnTdMU=",
      "requires": {
        "tmp": "0.0.23"
      }
    },
    "fs": {
      "version": "0.0.1-security",
      "resolved": "https://registry.npmjs.org/fs/-/fs-0.0.1-security.tgz",
      "integrity": "sha1-invTcYa23d84E/I4WLV+yq9eQdQ="
    },
    "inherits": {
      "version": "2.0.3",
      "resolved": "https://registry.npmjs.org/inherits/-/inherits-2.0.3.tgz",
      "integrity": "sha1-Yzwsg+PaQqUC9SRmAiSA9CCCYd4="
    },
    "path": {
      "version": "0.12.7",
      "resolved": "https://registry.npmjs.org/path/-/path-0.12.7.tgz",
      "integrity": "sha1-1NwqUGxM4hl+tIHr/NWzbAFAsQ8=",
      "requires": {
        "process": "^0.11.1",
        "util": "^0.10.3"
      }
    },
    "pdf2png-mp": {
      "version": "0.5.4",
      "resolved": "https://registry.npmjs.org/pdf2png-mp/-/pdf2png-mp-0.5.4.tgz",
      "integrity": "sha1-73UTnpfQnKwz4tyBlHwEwsiweIo=",
      "requires": {
        "filesource": "^1.0.7",
        "pdf_page_count": "^1.0.10",
        "tmp": "0.0.23"
      }
    },
    "pdf_page_count": {
      "version": "1.0.10",
      "resolved": "https://registry.npmjs.org/pdf_page_count/-/pdf_page_count-1.0.10.tgz",
      "integrity": "sha1-VO2KA7t6SKIX5im2ClmO7RORrBI=",
      "requires": {
        "filesource": "^1.0.7"
      }
    },
    "process": {
      "version": "0.11.10",
      "resolved": "https://registry.npmjs.org/process/-/process-0.11.10.tgz",
      "integrity": "sha1-czIwDoQBYb2j5podHZGn1LwW8YI="
    },
    "tmp": {
      "version": "0.0.23",
      "resolved": "https://registry.npmjs.org/tmp/-/tmp-0.0.23.tgz",
      "integrity": "sha1-3odKpel0qF8KMs39vXRmPLO9nHQ="
    },
    "util": {
      "version": "0.10.4",
      "resolved": "https://registry.npmjs.org/util/-/util-0.10.4.tgz",
      "integrity": "sha512-0Pm9hTQ3se5ll1XihRic3FDIku70C+iHUdT/W926rSgHV5QgXsYbKZN8MSC3tJtSkhuROzvsQjAaFENRXr+19A==",
      "requires": {
        "inherits": "2.0.3"
      }
    }
  }
}
